# This file is generated by running "yarn install" inside your project.
# Manual changes might be lost - proceed with caution!

__metadata:
  version: 6
  cacheKey: 8

"@emailjs/browser@npm:^3.10.0":
  version: 3.10.0
  resolution: "@emailjs/browser@npm:3.10.0"
  checksum: e54784bb938b333dc2ba3d68ddf1c7322071651372da9a23ee0f5a9eb444c6b6a65155aec9c4570f3db7bac4926e30627b052ea90f0994e7be57298b9964b781
  languageName: node
  linkType: hard

"my-developer-portfolio@workspace:.":
  version: 0.0.0-use.local
  resolution: "my-developer-portfolio@workspace:."
  dependencies:
    "@emailjs/browser": ^3.10.0
  languageName: unknown
  linkType: soft
